{
  "name": "betakiller-module-error",
  "version": "1.0.0",
  "lockfileVersion": 1,
  "requires": true,
  "dependencies": {
    "iframe-resizer": {
      "version": "3.5.16",
      "resolved": "https://registry.npmjs.org/iframe-resizer/-/iframe-resizer-3.5.16.tgz",
      "integrity": "sha512-kCXP+PkbdaiflO5z8exoPioxZ/6Hp/5Fat7xGZbJc0Rkd/6nJWuvo9jPd/gZgfIe7vzjeoNN6jhcM5c800i8UA=="
    }
  }
}
